<Solution>
  <Configurations>
    <Platform Name="x64" />
  </Configurations>
  <Project Path="host/host.vcxproj" />
  <Project Path="payload/payload.vcxproj" />
  <Project Path="tests/unit_host/unit_host.vcxproj" />
  <Project Path="tests/unit_payload/unit_payload.vcxproj" />
  <Project Path="tests/integration/integration.vcxproj" />
</Solution>
